// !$*UTF8*$!
{
	archiveVersion = 1;
	classes = {
	};
	objectVersion = 45;
	objects = {

/* Begin PBXBuildFile section */
		1D60589B0D05DD56006BFB54 /* main.m in Sources */ = {isa = PBXBuildFile; fileRef = 29B97316FDCFA39411CA2CEA /* main.m */; };
		1D60589F0D05DD5A006BFB54 /* Foundation.framework in Frameworks */ = {isa = PBXBuildFile; fileRef = 1D30AB110D05D00D00671497 /* Foundation.framework */; };
		1DF5F4E00D08C38300B7A737 /* UIKit.framework in Frameworks */ = {isa = PBXBuildFile; fileRef = 1DF5F4DF0D08C38300B7A737 /* UIKit.framework */; };
		288765FD0DF74451002DB57D /* CoreGraphics.framework in Frameworks */ = {isa = PBXBuildFile; fileRef = 288765FC0DF74451002DB57D /* CoreGraphics.framework */; };
		8D93B3BD0F5AC31800C653F0 /* remote_irb.rb in Resources */ = {isa = PBXBuildFile; fileRef = 8D93B3BA0F5AC31800C653F0 /* remote_irb.rb */; };
		8DE53CED0F559EB300A77153 /* extinit.c in Sources */ = {isa = PBXBuildFile; fileRef = 8DE53CEC0F559EB300A77153 /* extinit.c */; };
		8DE53D0E0F55A7C000A77153 /* libruby-static-full.a in Frameworks */ = {isa = PBXBuildFile; fileRef = 8DE53D0D0F55A7C000A77153 /* libruby-static-full.a */; };
		F1584E930F5EDA05009A700F /* lib in Resources */ = {isa = PBXBuildFile; fileRef = F1584BFC0F5EDA04009A700F /* lib */; };
		F1CE7AFD0F4B2649006BAA18 /* init_cocoa.m in Sources */ = {isa = PBXBuildFile; fileRef = F1CE7AD50F4B2649006BAA18 /* init_cocoa.m */; };
		F1CE7AFF0F4B2649006BAA18 /* rb_Foundation.m in Sources */ = {isa = PBXBuildFile; fileRef = F1CE7AD70F4B2649006BAA18 /* rb_Foundation.m */; };
		F1CE7B000F4B2649006BAA18 /* rb_UIKit.m in Sources */ = {isa = PBXBuildFile; fileRef = F1CE7AD80F4B2649006BAA18 /* rb_UIKit.m */; };
		F1CE7B030F4B2649006BAA18 /* ocdata_conv.m in Sources */ = {isa = PBXBuildFile; fileRef = F1CE7ADD0F4B2649006BAA18 /* ocdata_conv.m */; };
		F1CE7B040F4B2649006BAA18 /* DummyProtocolHandler.m in Sources */ = {isa = PBXBuildFile; fileRef = F1CE7ADE0F4B2649006BAA18 /* DummyProtocolHandler.m */; };
		F1CE7B050F4B2649006BAA18 /* RBSlaveObject.m in Sources */ = {isa = PBXBuildFile; fileRef = F1CE7ADF0F4B2649006BAA18 /* RBSlaveObject.m */; };
		F1CE7B060F4B2649006BAA18 /* RBThreadSwitcher.m in Sources */ = {isa = PBXBuildFile; fileRef = F1CE7AE20F4B2649006BAA18 /* RBThreadSwitcher.m */; };
		F1CE7B070F4B2649006BAA18 /* cls_objcid.m in Sources */ = {isa = PBXBuildFile; fileRef = F1CE7AE30F4B2649006BAA18 /* cls_objcid.m */; };
		F1CE7B0A0F4B2649006BAA18 /* OverrideMixin.m in Sources */ = {isa = PBXBuildFile; fileRef = F1CE7AEB0F4B2649006BAA18 /* OverrideMixin.m */; };
		F1CE7B0C0F4B2649006BAA18 /* RBRuntime.m in Sources */ = {isa = PBXBuildFile; fileRef = F1CE7AEE0F4B2649006BAA18 /* RBRuntime.m */; };
		F1CE7B0D0F4B2649006BAA18 /* mdl_objwrapper.m in Sources */ = {isa = PBXBuildFile; fileRef = F1CE7AEF0F4B2649006BAA18 /* mdl_objwrapper.m */; };
		F1CE7B0E0F4B2649006BAA18 /* RBObject.m in Sources */ = {isa = PBXBuildFile; fileRef = F1CE7AF00F4B2649006BAA18 /* RBObject.m */; };
		F1CE7B0F0F4B2649006BAA18 /* mdl_osxobjc.m in Sources */ = {isa = PBXBuildFile; fileRef = F1CE7AF10F4B2649006BAA18 /* mdl_osxobjc.m */; };
		F1CE7B100F4B2649006BAA18 /* RBClassUtils.m in Sources */ = {isa = PBXBuildFile; fileRef = F1CE7AF30F4B2649006BAA18 /* RBClassUtils.m */; };
		F1CE7B110F4B2649006BAA18 /* cls_objcptr.m in Sources */ = {isa = PBXBuildFile; fileRef = F1CE7AF70F4B2649006BAA18 /* cls_objcptr.m */; };
		F1CE7B510F4B2CB2006BAA18 /* main.rb in Resources */ = {isa = PBXBuildFile; fileRef = F1CE7B500F4B2CB2006BAA18 /* main.rb */; };
		F1CE7B530F4B2CCB006BAA18 /* rubycocoa.rb in Resources */ = {isa = PBXBuildFile; fileRef = F1CE7B520F4B2CCB006BAA18 /* rubycocoa.rb */; };
/* End PBXBuildFile section */

/* Begin PBXFileReference section */
		1D30AB110D05D00D00671497 /* Foundation.framework */ = {isa = PBXFileReference; lastKnownFileType = wrapper.framework; name = Foundation.framework; path = System/Library/Frameworks/Foundation.framework; sourceTree = SDKROOT; };
		1D6058910D05DD3D006BFB54 /* rubycocoa4iphone.app */ = {isa = PBXFileReference; explicitFileType = wrapper.application; includeInIndex = 0; path = rubycocoa4iphone.app; sourceTree = BUILT_PRODUCTS_DIR; };
		1DF5F4DF0D08C38300B7A737 /* UIKit.framework */ = {isa = PBXFileReference; lastKnownFileType = wrapper.framework; name = UIKit.framework; path = System/Library/Frameworks/UIKit.framework; sourceTree = SDKROOT; };
		288765FC0DF74451002DB57D /* CoreGraphics.framework */ = {isa = PBXFileReference; lastKnownFileType = wrapper.framework; name = CoreGraphics.framework; path = System/Library/Frameworks/CoreGraphics.framework; sourceTree = SDKROOT; };
		29B97316FDCFA39411CA2CEA /* main.m */ = {isa = PBXFileReference; fileEncoding = 4; lastKnownFileType = sourcecode.c.objc; path = main.m; sourceTree = "<group>"; };
		32CA4F630368D1EE00C91783 /* rubycocoa4iphone_Prefix.pch */ = {isa = PBXFileReference; fileEncoding = 4; lastKnownFileType = sourcecode.c.h; path = rubycocoa4iphone_Prefix.pch; sourceTree = "<group>"; };
		8D1107310486CEB800E47090 /* Info.plist */ = {isa = PBXFileReference; fileEncoding = 4; lastKnownFileType = text.plist.xml; path = Info.plist; sourceTree = "<group>"; };
		8D93B3BA0F5AC31800C653F0 /* remote_irb.rb */ = {isa = PBXFileReference; fileEncoding = 4; lastKnownFileType = text.script.ruby; path = remote_irb.rb; sourceTree = "<group>"; };
		8DE53CEC0F559EB300A77153 /* extinit.c */ = {isa = PBXFileReference; fileEncoding = 4; lastKnownFileType = sourcecode.c.c; name = extinit.c; path = ruby/extinit.c; sourceTree = "<group>"; };
		8DE53D0D0F55A7C000A77153 /* libruby-static-full.a */ = {isa = PBXFileReference; lastKnownFileType = archive.ar; name = "libruby-static-full.a"; path = "ruby/libruby-static-full.a"; sourceTree = "<group>"; };
		F1584BFC0F5EDA04009A700F /* lib */ = {isa = PBXFileReference; lastKnownFileType = folder; name = lib; path = ruby/lib; sourceTree = SOURCE_ROOT; };
		F1CE7A550F4B1BF7006BAA18 /* config.h */ = {isa = PBXFileReference; fileEncoding = 4; lastKnownFileType = sourcecode.c.h; path = config.h; sourceTree = "<group>"; };
		F1CE7A560F4B1BF7006BAA18 /* defines.h */ = {isa = PBXFileReference; fileEncoding = 4; lastKnownFileType = sourcecode.c.h; path = defines.h; sourceTree = "<group>"; };
		F1CE7A570F4B1BF7006BAA18 /* intern.h */ = {isa = PBXFileReference; fileEncoding = 4; lastKnownFileType = sourcecode.c.h; path = intern.h; sourceTree = "<group>"; };
		F1CE7A580F4B1BF7006BAA18 /* missing.h */ = {isa = PBXFileReference; fileEncoding = 4; lastKnownFileType = sourcecode.c.h; path = missing.h; sourceTree = "<group>"; };
		F1CE7A590F4B1BF7006BAA18 /* ruby.h */ = {isa = PBXFileReference; fileEncoding = 4; lastKnownFileType = sourcecode.c.h; path = ruby.h; sourceTree = "<group>"; };
		F1CE7A5A0F4B1BF7006BAA18 /* rubysig.h */ = {isa = PBXFileReference; fileEncoding = 4; lastKnownFileType = sourcecode.c.h; path = rubysig.h; sourceTree = "<group>"; };
		F1CE7AD50F4B2649006BAA18 /* init_cocoa.m */ = {isa = PBXFileReference; fileEncoding = 4; lastKnownFileType = sourcecode.c.objc; path = init_cocoa.m; sourceTree = "<group>"; };
		F1CE7AD70F4B2649006BAA18 /* rb_Foundation.m */ = {isa = PBXFileReference; fileEncoding = 4; lastKnownFileType = sourcecode.c.objc; path = rb_Foundation.m; sourceTree = "<group>"; };
		F1CE7AD80F4B2649006BAA18 /* rb_UIKit.m */ = {isa = PBXFileReference; fileEncoding = 4; lastKnownFileType = sourcecode.c.objc; path = rb_UIKit.m; sourceTree = "<group>"; };
		F1CE7ADA0F4B2649006BAA18 /* RBClassUtils.h */ = {isa = PBXFileReference; fileEncoding = 4; lastKnownFileType = sourcecode.c.h; name = RBClassUtils.h; path = rubycocoa/src/framework/src/objc/RBClassUtils.h; sourceTree = "<group>"; };
		F1CE7ADC0F4B2649006BAA18 /* OverrideMixin.h */ = {isa = PBXFileReference; fileEncoding = 4; lastKnownFileType = sourcecode.c.h; name = OverrideMixin.h; path = rubycocoa/src/framework/src/objc/OverrideMixin.h; sourceTree = "<group>"; };
		F1CE7ADD0F4B2649006BAA18 /* ocdata_conv.m */ = {isa = PBXFileReference; fileEncoding = 4; lastKnownFileType = sourcecode.c.objc; name = ocdata_conv.m; path = rubycocoa/src/framework/src/objc/ocdata_conv.m; sourceTree = "<group>"; };
		F1CE7ADE0F4B2649006BAA18 /* DummyProtocolHandler.m */ = {isa = PBXFileReference; fileEncoding = 4; lastKnownFileType = sourcecode.c.objc; name = DummyProtocolHandler.m; path = rubycocoa/src/framework/src/objc/DummyProtocolHandler.m; sourceTree = "<group>"; };
		F1CE7ADF0F4B2649006BAA18 /* RBSlaveObject.m */ = {isa = PBXFileReference; fileEncoding = 4; lastKnownFileType = sourcecode.c.objc; name = RBSlaveObject.m; path = rubycocoa/src/framework/src/objc/RBSlaveObject.m; sourceTree = "<group>"; };
		F1CE7AE00F4B2649006BAA18 /* DummyProtocolHandler.h */ = {isa = PBXFileReference; fileEncoding = 4; lastKnownFileType = sourcecode.c.h; name = DummyProtocolHandler.h; path = rubycocoa/src/framework/src/objc/DummyProtocolHandler.h; sourceTree = "<group>"; };
		F1CE7AE10F4B2649006BAA18 /* mdl_osxobjc.h */ = {isa = PBXFileReference; fileEncoding = 4; lastKnownFileType = sourcecode.c.h; name = mdl_osxobjc.h; path = rubycocoa/src/framework/src/objc/mdl_osxobjc.h; sourceTree = "<group>"; };
		F1CE7AE20F4B2649006BAA18 /* RBThreadSwitcher.m */ = {isa = PBXFileReference; fileEncoding = 4; lastKnownFileType = sourcecode.c.objc; name = RBThreadSwitcher.m; path = rubycocoa/src/framework/src/objc/RBThreadSwitcher.m; sourceTree = "<group>"; };
		F1CE7AE30F4B2649006BAA18 /* cls_objcid.m */ = {isa = PBXFileReference; fileEncoding = 4; lastKnownFileType = sourcecode.c.objc; name = cls_objcid.m; path = rubycocoa/src/framework/src/objc/cls_objcid.m; sourceTree = "<group>"; };
		F1CE7AE40F4B2649006BAA18 /* mdl_objwrapper.h */ = {isa = PBXFileReference; fileEncoding = 4; lastKnownFileType = sourcecode.c.h; name = mdl_objwrapper.h; path = rubycocoa/src/framework/src/objc/mdl_objwrapper.h; sourceTree = "<group>"; };
		F1CE7AE60F4B2649006BAA18 /* Version.h */ = {isa = PBXFileReference; fileEncoding = 4; lastKnownFileType = sourcecode.c.h; name = Version.h; path = rubycocoa/src/framework/src/objc/Version.h; sourceTree = "<group>"; };
		F1CE7AE70F4B2649006BAA18 /* RBThreadSwitcher.h */ = {isa = PBXFileReference; fileEncoding = 4; lastKnownFileType = sourcecode.c.h; name = RBThreadSwitcher.h; path = rubycocoa/src/framework/src/objc/RBThreadSwitcher.h; sourceTree = "<group>"; };
		F1CE7AE90F4B2649006BAA18 /* cls_objcid.h */ = {isa = PBXFileReference; fileEncoding = 4; lastKnownFileType = sourcecode.c.h; name = cls_objcid.h; path = rubycocoa/src/framework/src/objc/cls_objcid.h; sourceTree = "<group>"; };
		F1CE7AEA0F4B2649006BAA18 /* RBRuntime.h */ = {isa = PBXFileReference; fileEncoding = 4; lastKnownFileType = sourcecode.c.h; name = RBRuntime.h; path = rubycocoa/src/framework/src/objc/RBRuntime.h; sourceTree = "<group>"; };
		F1CE7AEB0F4B2649006BAA18 /* OverrideMixin.m */ = {isa = PBXFileReference; fileEncoding = 4; lastKnownFileType = sourcecode.c.objc; name = OverrideMixin.m; path = rubycocoa/src/framework/src/objc/OverrideMixin.m; sourceTree = "<group>"; };
		F1CE7AED0F4B2649006BAA18 /* cls_objcptr.h */ = {isa = PBXFileReference; fileEncoding = 4; lastKnownFileType = sourcecode.c.h; name = cls_objcptr.h; path = rubycocoa/src/framework/src/objc/cls_objcptr.h; sourceTree = "<group>"; };
		F1CE7AEE0F4B2649006BAA18 /* RBRuntime.m */ = {isa = PBXFileReference; fileEncoding = 4; lastKnownFileType = sourcecode.c.objc; name = RBRuntime.m; path = rubycocoa/src/framework/src/objc/RBRuntime.m; sourceTree = "<group>"; };
		F1CE7AEF0F4B2649006BAA18 /* mdl_objwrapper.m */ = {isa = PBXFileReference; fileEncoding = 4; lastKnownFileType = sourcecode.c.objc; name = mdl_objwrapper.m; path = rubycocoa/src/framework/src/objc/mdl_objwrapper.m; sourceTree = "<group>"; };
		F1CE7AF00F4B2649006BAA18 /* RBObject.m */ = {isa = PBXFileReference; fileEncoding = 4; lastKnownFileType = sourcecode.c.objc; name = RBObject.m; path = rubycocoa/src/framework/src/objc/RBObject.m; sourceTree = "<group>"; };
		F1CE7AF10F4B2649006BAA18 /* mdl_osxobjc.m */ = {isa = PBXFileReference; fileEncoding = 4; lastKnownFileType = sourcecode.c.objc; name = mdl_osxobjc.m; path = rubycocoa/src/framework/src/objc/mdl_osxobjc.m; sourceTree = "<group>"; };
		F1CE7AF20F4B2649006BAA18 /* osx_intern.h */ = {isa = PBXFileReference; fileEncoding = 4; lastKnownFileType = sourcecode.c.h; name = osx_intern.h; path = rubycocoa/src/framework/src/objc/osx_intern.h; sourceTree = "<group>"; };
		F1CE7AF30F4B2649006BAA18 /* RBClassUtils.m */ = {isa = PBXFileReference; fileEncoding = 4; lastKnownFileType = sourcecode.c.objc; name = RBClassUtils.m; path = rubycocoa/src/framework/src/objc/RBClassUtils.m; sourceTree = "<group>"; };
		F1CE7AF40F4B2649006BAA18 /* ocdata_conv.h */ = {isa = PBXFileReference; fileEncoding = 4; lastKnownFileType = sourcecode.c.h; name = ocdata_conv.h; path = rubycocoa/src/framework/src/objc/ocdata_conv.h; sourceTree = "<group>"; };
		F1CE7AF50F4B2649006BAA18 /* RBObject.h */ = {isa = PBXFileReference; fileEncoding = 4; lastKnownFileType = sourcecode.c.h; name = RBObject.h; path = rubycocoa/src/framework/src/objc/RBObject.h; sourceTree = "<group>"; };
		F1CE7AF60F4B2649006BAA18 /* RBSlaveObject.h */ = {isa = PBXFileReference; fileEncoding = 4; lastKnownFileType = sourcecode.c.h; name = RBSlaveObject.h; path = rubycocoa/src/framework/src/objc/RBSlaveObject.h; sourceTree = "<group>"; };
		F1CE7AF70F4B2649006BAA18 /* cls_objcptr.m */ = {isa = PBXFileReference; fileEncoding = 4; lastKnownFileType = sourcecode.c.objc; name = cls_objcptr.m; path = rubycocoa/src/framework/src/objc/cls_objcptr.m; sourceTree = "<group>"; };
		F1CE7AF80F4B2649006BAA18 /* RubyCocoa.h */ = {isa = PBXFileReference; fileEncoding = 4; lastKnownFileType = sourcecode.c.h; name = RubyCocoa.h; path = rubycocoa/src/framework/src/objc/RubyCocoa.h; sourceTree = "<group>"; };
		F1CE7AFA0F4B2649006BAA18 /* osx_ruby.h */ = {isa = PBXFileReference; fileEncoding = 4; lastKnownFileType = sourcecode.c.h; name = osx_ruby.h; path = rubycocoa/src/framework/src/objc/osx_ruby.h; sourceTree = "<group>"; };
		F1CE7B500F4B2CB2006BAA18 /* main.rb */ = {isa = PBXFileReference; fileEncoding = 4; lastKnownFileType = text.script.ruby; path = main.rb; sourceTree = "<group>"; };
		F1CE7B520F4B2CCB006BAA18 /* rubycocoa.rb */ = {isa = PBXFileReference; fileEncoding = 4; lastKnownFileType = text.script.ruby; name = rubycocoa.rb; path = rubycocoa/src/framework/src/ruby/rubycocoa.rb; sourceTree = "<group>"; };
/* End PBXFileReference section */

/* Begin PBXFrameworksBuildPhase section */
		1D60588F0D05DD3D006BFB54 /* Frameworks */ = {
			isa = PBXFrameworksBuildPhase;
			buildActionMask = 2147483647;
			files = (
				1D60589F0D05DD5A006BFB54 /* Foundation.framework in Frameworks */,
				1DF5F4E00D08C38300B7A737 /* UIKit.framework in Frameworks */,
				288765FD0DF74451002DB57D /* CoreGraphics.framework in Frameworks */,
				8DE53D0E0F55A7C000A77153 /* libruby-static-full.a in Frameworks */,
			);
			runOnlyForDeploymentPostprocessing = 0;
		};
/* End PBXFrameworksBuildPhase section */

/* Begin PBXGroup section */
		19C28FACFE9D520D11CA2CBB /* Products */ = {
			isa = PBXGroup;
			children = (
				1D6058910D05DD3D006BFB54 /* rubycocoa4iphone.app */,
			);
			name = Products;
			sourceTree = "<group>";
		};
		29B97314FDCFA39411CA2CEA /* CustomTemplate */ = {
			isa = PBXGroup;
			children = (
				F1CE7A520F4B1BE5006BAA18 /* ruby */,
				F1CE7A530F4B1BEB006BAA18 /* rubycocoa */,
				29B97315FDCFA39411CA2CEA /* Other Sources */,
				29B97317FDCFA39411CA2CEA /* Resources */,
				29B97323FDCFA39411CA2CEA /* Frameworks */,
				19C28FACFE9D520D11CA2CBB /* Products */,
			);
			name = CustomTemplate;
			sourceTree = "<group>";
		};
		29B97315FDCFA39411CA2CEA /* Other Sources */ = {
			isa = PBXGroup;
			children = (
				32CA4F630368D1EE00C91783 /* rubycocoa4iphone_Prefix.pch */,
				29B97316FDCFA39411CA2CEA /* main.m */,
			);
			name = "Other Sources";
			sourceTree = "<group>";
		};
		29B97317FDCFA39411CA2CEA /* Resources */ = {
			isa = PBXGroup;
			children = (
				F1CE7B500F4B2CB2006BAA18 /* main.rb */,
				F1CE7B520F4B2CCB006BAA18 /* rubycocoa.rb */,
				F1584BC40F5ED870009A700F /* Ruby */,
				8D93B3B80F5AC31800C653F0 /* utils */,
				8D1107310486CEB800E47090 /* Info.plist */,
			);
			name = Resources;
			sourceTree = "<group>";
		};
		29B97323FDCFA39411CA2CEA /* Frameworks */ = {
			isa = PBXGroup;
			children = (
				1DF5F4DF0D08C38300B7A737 /* UIKit.framework */,
				1D30AB110D05D00D00671497 /* Foundation.framework */,
				288765FC0DF74451002DB57D /* CoreGraphics.framework */,
			);
			name = Frameworks;
			sourceTree = "<group>";
		};
		8D93B3B80F5AC31800C653F0 /* utils */ = {
			isa = PBXGroup;
			children = (
				8D93B3BA0F5AC31800C653F0 /* remote_irb.rb */,
			);
			path = utils;
			sourceTree = "<group>";
		};
		F1584BC40F5ED870009A700F /* Ruby */ = {
			isa = PBXGroup;
			children = (
				F1584BFC0F5EDA04009A700F /* lib */,
			);
			name = Ruby;
			sourceTree = "<group>";
		};
		F1CE7A520F4B1BE5006BAA18 /* ruby */ = {
			isa = PBXGroup;
			children = (
				8DE53D0D0F55A7C000A77153 /* libruby-static-full.a */,
				8DE53CEC0F559EB300A77153 /* extinit.c */,
				F1CE7A540F4B1BF7006BAA18 /* include */,
			);
			name = ruby;
			sourceTree = "<group>";
		};
		F1CE7A530F4B1BEB006BAA18 /* rubycocoa */ = {
			isa = PBXGroup;
			children = (
				F1CE7AD20F4B2649006BAA18 /* cocoa */,
				F1CE7ADA0F4B2649006BAA18 /* RBClassUtils.h */,
				F1CE7ADC0F4B2649006BAA18 /* OverrideMixin.h */,
				F1CE7ADD0F4B2649006BAA18 /* ocdata_conv.m */,
				F1CE7ADE0F4B2649006BAA18 /* DummyProtocolHandler.m */,
				F1CE7ADF0F4B2649006BAA18 /* RBSlaveObject.m */,
				F1CE7AE00F4B2649006BAA18 /* DummyProtocolHandler.h */,
				F1CE7AE10F4B2649006BAA18 /* mdl_osxobjc.h */,
				F1CE7AE20F4B2649006BAA18 /* RBThreadSwitcher.m */,
				F1CE7AE30F4B2649006BAA18 /* cls_objcid.m */,
				F1CE7AE40F4B2649006BAA18 /* mdl_objwrapper.h */,
				F1CE7AE60F4B2649006BAA18 /* Version.h */,
				F1CE7AE70F4B2649006BAA18 /* RBThreadSwitcher.h */,
				F1CE7AE90F4B2649006BAA18 /* cls_objcid.h */,
				F1CE7AEA0F4B2649006BAA18 /* RBRuntime.h */,
				F1CE7AEB0F4B2649006BAA18 /* OverrideMixin.m */,
				F1CE7AED0F4B2649006BAA18 /* cls_objcptr.h */,
				F1CE7AEE0F4B2649006BAA18 /* RBRuntime.m */,
				F1CE7AEF0F4B2649006BAA18 /* mdl_objwrapper.m */,
				F1CE7AF00F4B2649006BAA18 /* RBObject.m */,
				F1CE7AF10F4B2649006BAA18 /* mdl_osxobjc.m */,
				F1CE7AF20F4B2649006BAA18 /* osx_intern.h */,
				F1CE7AF30F4B2649006BAA18 /* RBClassUtils.m */,
				F1CE7AF40F4B2649006BAA18 /* ocdata_conv.h */,
				F1CE7AF50F4B2649006BAA18 /* RBObject.h */,
				F1CE7AF60F4B2649006BAA18 /* RBSlaveObject.h */,
				F1CE7AF70F4B2649006BAA18 /* cls_objcptr.m */,
				F1CE7AF80F4B2649006BAA18 /* RubyCocoa.h */,
				F1CE7AFA0F4B2649006BAA18 /* osx_ruby.h */,
			);
			name = rubycocoa;
			sourceTree = "<group>";
		};
		F1CE7A540F4B1BF7006BAA18 /* include */ = {
			isa = PBXGroup;
			children = (
				F1CE7A550F4B1BF7006BAA18 /* config.h */,
				F1CE7A560F4B1BF7006BAA18 /* defines.h */,
				F1CE7A570F4B1BF7006BAA18 /* intern.h */,
				F1CE7A580F4B1BF7006BAA18 /* missing.h */,
				F1CE7A590F4B1BF7006BAA18 /* ruby.h */,
				F1CE7A5A0F4B1BF7006BAA18 /* rubysig.h */,
			);
			name = include;
			path = ruby/include;
			sourceTree = "<group>";
		};
		F1CE7AD20F4B2649006BAA18 /* cocoa */ = {
			isa = PBXGroup;
			children = (
				F1CE7AD50F4B2649006BAA18 /* init_cocoa.m */,
				F1CE7AD70F4B2649006BAA18 /* rb_Foundation.m */,
				F1CE7AD80F4B2649006BAA18 /* rb_UIKit.m */,
			);
			name = cocoa;
			path = rubycocoa/src/framework/src/objc/cocoa;
			sourceTree = "<group>";
		};
/* End PBXGroup section */

/* Begin PBXNativeTarget section */
		1D6058900D05DD3D006BFB54 /* rubycocoa4iphone */ = {
			isa = PBXNativeTarget;
			buildConfigurationList = 1D6058960D05DD3E006BFB54 /* Build configuration list for PBXNativeTarget "rubycocoa4iphone" */;
			buildPhases = (
				1D60588D0D05DD3D006BFB54 /* Resources */,
				1D60588E0D05DD3D006BFB54 /* Sources */,
				1D60588F0D05DD3D006BFB54 /* Frameworks */,
			);
			buildRules = (
			);
			dependencies = (
			);
			name = rubycocoa4iphone;
			productName = rubycocoa4iphone;
			productReference = 1D6058910D05DD3D006BFB54 /* rubycocoa4iphone.app */;
			productType = "com.apple.product-type.application";
		};
/* End PBXNativeTarget section */

/* Begin PBXProject section */
		29B97313FDCFA39411CA2CEA /* Project object */ = {
			isa = PBXProject;
			buildConfigurationList = C01FCF4E08A954540054247B /* Build configuration list for PBXProject "rubycocoa4iphone" */;
			compatibilityVersion = "Xcode 3.1";
			hasScannedForEncodings = 1;
			mainGroup = 29B97314FDCFA39411CA2CEA /* CustomTemplate */;
			projectDirPath = "";
			projectRoot = "";
			targets = (
				1D6058900D05DD3D006BFB54 /* rubycocoa4iphone */,
			);
		};
/* End PBXProject section */

/* Begin PBXResourcesBuildPhase section */
		1D60588D0D05DD3D006BFB54 /* Resources */ = {
			isa = PBXResourcesBuildPhase;
			buildActionMask = 2147483647;
			files = (
				F1CE7B510F4B2CB2006BAA18 /* main.rb in Resources */,
				F1CE7B530F4B2CCB006BAA18 /* rubycocoa.rb in Resources */,
				8D93B3BD0F5AC31800C653F0 /* remote_irb.rb in Resources */,
				F1584E930F5EDA05009A700F /* lib in Resources */,
			);
			runOnlyForDeploymentPostprocessing = 0;
		};
/* End PBXResourcesBuildPhase section */

/* Begin PBXSourcesBuildPhase section */
		1D60588E0D05DD3D006BFB54 /* Sources */ = {
			isa = PBXSourcesBuildPhase;
			buildActionMask = 2147483647;
			files = (
				1D60589B0D05DD56006BFB54 /* main.m in Sources */,
				F1CE7AFD0F4B2649006BAA18 /* init_cocoa.m in Sources */,
				F1CE7AFF0F4B2649006BAA18 /* rb_Foundation.m in Sources */,
				F1CE7B000F4B2649006BAA18 /* rb_UIKit.m in Sources */,
				F1CE7B030F4B2649006BAA18 /* ocdata_conv.m in Sources */,
				F1CE7B040F4B2649006BAA18 /* DummyProtocolHandler.m in Sources */,
				F1CE7B050F4B2649006BAA18 /* RBSlaveObject.m in Sources */,
				F1CE7B060F4B2649006BAA18 /* RBThreadSwitcher.m in Sources */,
				F1CE7B070F4B2649006BAA18 /* cls_objcid.m in Sources */,
				F1CE7B0A0F4B2649006BAA18 /* OverrideMixin.m in Sources */,
				F1CE7B0C0F4B2649006BAA18 /* RBRuntime.m in Sources */,
				F1CE7B0D0F4B2649006BAA18 /* mdl_objwrapper.m in Sources */,
				F1CE7B0E0F4B2649006BAA18 /* RBObject.m in Sources */,
				F1CE7B0F0F4B2649006BAA18 /* mdl_osxobjc.m in Sources */,
				F1CE7B100F4B2649006BAA18 /* RBClassUtils.m in Sources */,
				F1CE7B110F4B2649006BAA18 /* cls_objcptr.m in Sources */,
				8DE53CED0F559EB300A77153 /* extinit.c in Sources */,
			);
			runOnlyForDeploymentPostprocessing = 0;
		};
/* End PBXSourcesBuildPhase section */

/* Begin XCBuildConfiguration section */
		1D6058940D05DD3E006BFB54 /* Debug */ = {
			isa = XCBuildConfiguration;
			buildSettings = {
				ALWAYS_SEARCH_USER_PATHS = NO;
				COPY_PHASE_STRIP = NO;
				GCC_DYNAMIC_NO_PIC = NO;
				GCC_OPTIMIZATION_LEVEL = 0;
				GCC_PRECOMPILE_PREFIX_HEADER = YES;
				GCC_PREFIX_HEADER = rubycocoa4iphone_Prefix.pch;
				INFOPLIST_FILE = Info.plist;
				LIBRARY_SEARCH_PATHS = (
					"$(inherited)",
					"\"$(SRCROOT)/ruby\"",
					"\"$(SRCROOT)/ruby/ext/bigdecimal\"",
					"\"$(SRCROOT)/ruby/ext/dbm\"",
					"\"$(SRCROOT)/ruby/ext/digest/bubblebabble\"",
					"\"$(SRCROOT)/ruby/ext/digest\"",
					"\"$(SRCROOT)/ruby/ext/digest/md5\"",
					"\"$(SRCROOT)/ruby/ext/digest/rmd160\"",
					"\"$(SRCROOT)/ruby/ext/digest/sha1\"",
					"\"$(SRCROOT)/ruby/ext/digest/sha2\"",
					"\"$(SRCROOT)/ruby/ext/etc\"",
					"\"$(SRCROOT)/ruby/ext/fcntl\"",
					"\"$(SRCROOT)/ruby/ext/io/wait\"",
					"\"$(SRCROOT)/ruby/ext/nkf\"",
					"\"$(SRCROOT)/ruby/ext/racc/cparse\"",
					"\"$(SRCROOT)/ruby/ext/sdbm\"",
					"\"$(SRCROOT)/ruby/ext/socket\"",
					"\"$(SRCROOT)/ruby/ext/stringio\"",
					"\"$(SRCROOT)/ruby/ext/strscan\"",
					"\"$(SRCROOT)/ruby/ext/syck\"",
					"\"$(SRCROOT)/ruby/ext/thread\"",
				);
				PRODUCT_NAME = rubycocoa4iphone;
			};
			name = Debug;
		};
		1D6058950D05DD3E006BFB54 /* Release */ = {
			isa = XCBuildConfiguration;
			buildSettings = {
				ALWAYS_SEARCH_USER_PATHS = NO;
				COPY_PHASE_STRIP = YES;
				GCC_PRECOMPILE_PREFIX_HEADER = YES;
				GCC_PREFIX_HEADER = rubycocoa4iphone_Prefix.pch;
				INFOPLIST_FILE = Info.plist;
				LIBRARY_SEARCH_PATHS = (
					"$(inherited)",
					"\"$(SRCROOT)/ruby\"",
					"\"$(SRCROOT)/ruby/ext/bigdecimal\"",
					"\"$(SRCROOT)/ruby/ext/dbm\"",
					"\"$(SRCROOT)/ruby/ext/digest/bubblebabble\"",
					"\"$(SRCROOT)/ruby/ext/digest\"",
					"\"$(SRCROOT)/ruby/ext/digest/md5\"",
					"\"$(SRCROOT)/ruby/ext/digest/rmd160\"",
					"\"$(SRCROOT)/ruby/ext/digest/sha1\"",
					"\"$(SRCROOT)/ruby/ext/digest/sha2\"",
					"\"$(SRCROOT)/ruby/ext/etc\"",
					"\"$(SRCROOT)/ruby/ext/fcntl\"",
					"\"$(SRCROOT)/ruby/ext/io/wait\"",
					"\"$(SRCROOT)/ruby/ext/nkf\"",
					"\"$(SRCROOT)/ruby/ext/racc/cparse\"",
					"\"$(SRCROOT)/ruby/ext/sdbm\"",
					"\"$(SRCROOT)/ruby/ext/socket\"",
					"\"$(SRCROOT)/ruby/ext/stringio\"",
					"\"$(SRCROOT)/ruby/ext/strscan\"",
					"\"$(SRCROOT)/ruby/ext/syck\"",
					"\"$(SRCROOT)/ruby/ext/thread\"",
				);
				PRODUCT_NAME = rubycocoa4iphone;
			};
			name = Release;
		};
		C01FCF4F08A954540054247B /* Debug */ = {
			isa = XCBuildConfiguration;
			buildSettings = {
				ARCHS = "$(ARCHS_STANDARD_32_BIT)";
				"CODE_SIGN_IDENTITY[sdk=iphoneos*]" = "iPhone Developer";
				GCC_C_LANGUAGE_STANDARD = c99;
				GCC_WARN_ABOUT_RETURN_TYPE = YES;
				GCC_WARN_UNUSED_VARIABLE = YES;
				ONLY_ACTIVE_ARCH = YES;
				PREBINDING = NO;
				SDKROOT = iphoneos2.2.1;
			};
			name = Debug;
		};
		C01FCF5008A954540054247B /* Release */ = {
			isa = XCBuildConfiguration;
			buildSettings = {
				ARCHS = "$(ARCHS_STANDARD_32_BIT)";
				"CODE_SIGN_IDENTITY[sdk=iphoneos*]" = "iPhone Developer";
				GCC_C_LANGUAGE_STANDARD = c99;
				GCC_WARN_ABOUT_RETURN_TYPE = YES;
				GCC_WARN_UNUSED_VARIABLE = YES;
				PREBINDING = NO;
				SDKROOT = iphoneos2.2.1;
			};
			name = Release;
		};
/* End XCBuildConfiguration section */

/* Begin XCConfigurationList section */
		1D6058960D05DD3E006BFB54 /* Build configuration list for PBXNativeTarget "rubycocoa4iphone" */ = {
			isa = XCConfigurationList;
			buildConfigurations = (
				1D6058940D05DD3E006BFB54 /* Debug */,
				1D6058950D05DD3E006BFB54 /* Release */,
			);
			defaultConfigurationIsVisible = 0;
			defaultConfigurationName = Release;
		};
		C01FCF4E08A954540054247B /* Build configuration list for PBXProject "rubycocoa4iphone" */ = {
			isa = XCConfigurationList;
			buildConfigurations = (
				C01FCF4F08A954540054247B /* Debug */,
				C01FCF5008A954540054247B /* Release */,
			);
			defaultConfigurationIsVisible = 0;
			defaultConfigurationName = Release;
		};
/* End XCConfigurationList section */
	};
	rootObject = 29B97313FDCFA39411CA2CEA /* Project object */;
}
