// !$*UTF8*$!
{
	archiveVersion = 1;
	classes = {
	};
	objectVersion = 45;
	objects = {

/* Begin PBXBuildFile section */
		1D60589B0D05DD56006BFB54 /* main.m in Sources */ = {isa = PBXBuildFile; fileRef = 29B97316FDCFA39411CA2CEA /* main.m */; };
		1D60589F0D05DD5A006BFB54 /* Foundation.framework in Frameworks */ = {isa = PBXBuildFile; fileRef = 1D30AB110D05D00D00671497 /* Foundation.framework */; };
		1DF5F4E00D08C38300B7A737 /* UIKit.framework in Frameworks */ = {isa = PBXBuildFile; fileRef = 1DF5F4DF0D08C38300B7A737 /* UIKit.framework */; };
		288765FD0DF74451002DB57D /* CoreGraphics.framework in Frameworks */ = {isa = PBXBuildFile; fileRef = 288765FC0DF74451002DB57D /* CoreGraphics.framework */; };
		8D54FD370F63DDEC009AD3C4 /* RubyCocoa.m in Sources */ = {isa = PBXBuildFile; fileRef = 8D54FD130F63DDEC009AD3C4 /* RubyCocoa.m */; };
		8D54FD380F63DDEC009AD3C4 /* RBThreadSwitcher.m in Sources */ = {isa = PBXBuildFile; fileRef = 8D54FD150F63DDEC009AD3C4 /* RBThreadSwitcher.m */; };
		8D54FD390F63DDEC009AD3C4 /* RBTestProbe.m in Sources */ = {isa = PBXBuildFile; fileRef = 8D54FD170F63DDEC009AD3C4 /* RBTestProbe.m */; };
		8D54FD3A0F63DDEC009AD3C4 /* RBSlaveObject.m in Sources */ = {isa = PBXBuildFile; fileRef = 8D54FD180F63DDEC009AD3C4 /* RBSlaveObject.m */; };
		8D54FD3B0F63DDEC009AD3C4 /* RBRuntime.m in Sources */ = {isa = PBXBuildFile; fileRef = 8D54FD1A0F63DDEC009AD3C4 /* RBRuntime.m */; };
		8D54FD3C0F63DDEC009AD3C4 /* RBObject.m in Sources */ = {isa = PBXBuildFile; fileRef = 8D54FD1C0F63DDEC009AD3C4 /* RBObject.m */; };
		8D54FD3D0F63DDEC009AD3C4 /* RBClassUtils.m in Sources */ = {isa = PBXBuildFile; fileRef = 8D54FD1E0F63DDEC009AD3C4 /* RBClassUtils.m */; };
		8D54FD3E0F63DDEC009AD3C4 /* OverrideMixin.m in Sources */ = {isa = PBXBuildFile; fileRef = 8D54FD200F63DDEC009AD3C4 /* OverrideMixin.m */; };
		8D54FD3F0F63DDEC009AD3C4 /* ocexception.m in Sources */ = {isa = PBXBuildFile; fileRef = 8D54FD220F63DDEC009AD3C4 /* ocexception.m */; };
		8D54FD400F63DDEC009AD3C4 /* ocdata_conv.m in Sources */ = {isa = PBXBuildFile; fileRef = 8D54FD240F63DDEC009AD3C4 /* ocdata_conv.m */; };
		8D54FD410F63DDEC009AD3C4 /* mdl_osxobjc.m in Sources */ = {isa = PBXBuildFile; fileRef = 8D54FD270F63DDEC009AD3C4 /* mdl_osxobjc.m */; };
		8D54FD420F63DDEC009AD3C4 /* cls_objcid.m in Sources */ = {isa = PBXBuildFile; fileRef = 8D54FD290F63DDEC009AD3C4 /* cls_objcid.m */; };
		8D54FD430F63DDEC009AD3C4 /* mdl_objwrapper.m in Sources */ = {isa = PBXBuildFile; fileRef = 8D54FD2C0F63DDEC009AD3C4 /* mdl_objwrapper.m */; };
		8D54FD440F63DDEC009AD3C4 /* mdl_bundle_support.m in Sources */ = {isa = PBXBuildFile; fileRef = 8D54FD2E0F63DDEC009AD3C4 /* mdl_bundle_support.m */; };
		8D54FD450F63DDEC009AD3C4 /* libffi.m in Sources */ = {isa = PBXBuildFile; fileRef = 8D54FD300F63DDEC009AD3C4 /* libffi.m */; };
		8D54FD460F63DDEC009AD3C4 /* cls_objcptr.m in Sources */ = {isa = PBXBuildFile; fileRef = 8D54FD330F63DDEC009AD3C4 /* cls_objcptr.m */; };
		8D54FD470F63DDEC009AD3C4 /* BridgeSupport.m in Sources */ = {isa = PBXBuildFile; fileRef = 8D54FD350F63DDEC009AD3C4 /* BridgeSupport.m */; };
		8D6942A90F63F449007B2F46 /* sysv.o in Frameworks */ = {isa = PBXBuildFile; fileRef = 8D6942A20F63F449007B2F46 /* sysv.o */; };
		8D6942AA0F63F449007B2F46 /* types.o in Frameworks */ = {isa = PBXBuildFile; fileRef = 8D6942A30F63F449007B2F46 /* types.o */; };
		8D6942AB0F63F449007B2F46 /* raw_api.o in Frameworks */ = {isa = PBXBuildFile; fileRef = 8D6942A40F63F449007B2F46 /* raw_api.o */; };
		8D6942AC0F63F449007B2F46 /* prep_cif.o in Frameworks */ = {isa = PBXBuildFile; fileRef = 8D6942A50F63F449007B2F46 /* prep_cif.o */; };
		8D6942AD0F63F449007B2F46 /* java_raw_api.o in Frameworks */ = {isa = PBXBuildFile; fileRef = 8D6942A60F63F449007B2F46 /* java_raw_api.o */; };
		8D6942AE0F63F449007B2F46 /* ffi.o in Frameworks */ = {isa = PBXBuildFile; fileRef = 8D6942A70F63F449007B2F46 /* ffi.o */; };
		8D6942AF0F63F449007B2F46 /* debug.o in Frameworks */ = {isa = PBXBuildFile; fileRef = 8D6942A80F63F449007B2F46 /* debug.o */; };
		8D6942B20F63F475007B2F46 /* libxml2.2.dylib in Frameworks */ = {isa = PBXBuildFile; fileRef = 8D6942B10F63F475007B2F46 /* libxml2.2.dylib */; };
		8D93B3BD0F5AC31800C653F0 /* remote_irb.rb in Resources */ = {isa = PBXBuildFile; fileRef = 8D93B3BA0F5AC31800C653F0 /* remote_irb.rb */; };
		8DE53CED0F559EB300A77153 /* extinit.c in Sources */ = {isa = PBXBuildFile; fileRef = 8DE53CEC0F559EB300A77153 /* extinit.c */; };
		8DE53D0E0F55A7C000A77153 /* libruby-static-full.a in Frameworks */ = {isa = PBXBuildFile; fileRef = 8DE53D0D0F55A7C000A77153 /* libruby-static-full.a */; };
		F15851D00F5EDE6F009A700F /* lib in Resources */ = {isa = PBXBuildFile; fileRef = F1584F380F5EDE6E009A700F /* lib */; };
		F15851E70F5EDF13009A700F /* iconv.c in Sources */ = {isa = PBXBuildFile; fileRef = F15851E00F5EDF13009A700F /* iconv.c */; };
		F158522B0F5EDFE5009A700F /* libiconv.2.dylib in Frameworks */ = {isa = PBXBuildFile; fileRef = F158522A0F5EDFE5009A700F /* libiconv.2.dylib */; };
		F158523D0F5EE261009A700F /* webdav.rb in Resources */ = {isa = PBXBuildFile; fileRef = F158523C0F5EE261009A700F /* webdav.rb */; };
		F1CE7B510F4B2CB2006BAA18 /* main.rb in Resources */ = {isa = PBXBuildFile; fileRef = F1CE7B500F4B2CB2006BAA18 /* main.rb */; };
/* End PBXBuildFile section */

/* Begin PBXFileReference section */
		1D30AB110D05D00D00671497 /* Foundation.framework */ = {isa = PBXFileReference; lastKnownFileType = wrapper.framework; name = Foundation.framework; path = System/Library/Frameworks/Foundation.framework; sourceTree = SDKROOT; };
		1D6058910D05DD3D006BFB54 /* rubycocoa4iphone.app */ = {isa = PBXFileReference; explicitFileType = wrapper.application; includeInIndex = 0; path = rubycocoa4iphone.app; sourceTree = BUILT_PRODUCTS_DIR; };
		1DF5F4DF0D08C38300B7A737 /* UIKit.framework */ = {isa = PBXFileReference; lastKnownFileType = wrapper.framework; name = UIKit.framework; path = System/Library/Frameworks/UIKit.framework; sourceTree = SDKROOT; };
		288765FC0DF74451002DB57D /* CoreGraphics.framework */ = {isa = PBXFileReference; lastKnownFileType = wrapper.framework; name = CoreGraphics.framework; path = System/Library/Frameworks/CoreGraphics.framework; sourceTree = SDKROOT; };
		29B97316FDCFA39411CA2CEA /* main.m */ = {isa = PBXFileReference; fileEncoding = 4; lastKnownFileType = sourcecode.c.objc; path = main.m; sourceTree = "<group>"; };
		32CA4F630368D1EE00C91783 /* rubycocoa4iphone_Prefix.pch */ = {isa = PBXFileReference; fileEncoding = 4; lastKnownFileType = sourcecode.c.h; path = rubycocoa4iphone_Prefix.pch; sourceTree = "<group>"; };
		8D1107310486CEB800E47090 /* Info.plist */ = {isa = PBXFileReference; fileEncoding = 4; lastKnownFileType = text.plist.xml; path = Info.plist; sourceTree = "<group>"; };
		8D54FD130F63DDEC009AD3C4 /* RubyCocoa.m */ = {isa = PBXFileReference; fileEncoding = 4; lastKnownFileType = sourcecode.c.objc; name = RubyCocoa.m; path = rubycocoa/framework/src/objc/RubyCocoa.m; sourceTree = "<group>"; };
		8D54FD140F63DDEC009AD3C4 /* RubyCocoa.h */ = {isa = PBXFileReference; fileEncoding = 4; lastKnownFileType = sourcecode.c.h; name = RubyCocoa.h; path = rubycocoa/framework/src/objc/RubyCocoa.h; sourceTree = "<group>"; };
		8D54FD150F63DDEC009AD3C4 /* RBThreadSwitcher.m */ = {isa = PBXFileReference; fileEncoding = 4; lastKnownFileType = sourcecode.c.objc; name = RBThreadSwitcher.m; path = rubycocoa/framework/src/objc/RBThreadSwitcher.m; sourceTree = "<group>"; };
		8D54FD160F63DDEC009AD3C4 /* RBThreadSwitcher.h */ = {isa = PBXFileReference; fileEncoding = 4; lastKnownFileType = sourcecode.c.h; name = RBThreadSwitcher.h; path = rubycocoa/framework/src/objc/RBThreadSwitcher.h; sourceTree = "<group>"; };
		8D54FD170F63DDEC009AD3C4 /* RBTestProbe.m */ = {isa = PBXFileReference; fileEncoding = 4; lastKnownFileType = sourcecode.c.objc; name = RBTestProbe.m; path = rubycocoa/framework/src/objc/RBTestProbe.m; sourceTree = "<group>"; };
		8D54FD180F63DDEC009AD3C4 /* RBSlaveObject.m */ = {isa = PBXFileReference; fileEncoding = 4; lastKnownFileType = sourcecode.c.objc; name = RBSlaveObject.m; path = rubycocoa/framework/src/objc/RBSlaveObject.m; sourceTree = "<group>"; };
		8D54FD190F63DDEC009AD3C4 /* RBSlaveObject.h */ = {isa = PBXFileReference; fileEncoding = 4; lastKnownFileType = sourcecode.c.h; name = RBSlaveObject.h; path = rubycocoa/framework/src/objc/RBSlaveObject.h; sourceTree = "<group>"; };
		8D54FD1A0F63DDEC009AD3C4 /* RBRuntime.m */ = {isa = PBXFileReference; fileEncoding = 4; lastKnownFileType = sourcecode.c.objc; name = RBRuntime.m; path = rubycocoa/framework/src/objc/RBRuntime.m; sourceTree = "<group>"; };
		8D54FD1B0F63DDEC009AD3C4 /* RBRuntime.h */ = {isa = PBXFileReference; fileEncoding = 4; lastKnownFileType = sourcecode.c.h; name = RBRuntime.h; path = rubycocoa/framework/src/objc/RBRuntime.h; sourceTree = "<group>"; };
		8D54FD1C0F63DDEC009AD3C4 /* RBObject.m */ = {isa = PBXFileReference; fileEncoding = 4; lastKnownFileType = sourcecode.c.objc; name = RBObject.m; path = rubycocoa/framework/src/objc/RBObject.m; sourceTree = "<group>"; };
		8D54FD1D0F63DDEC009AD3C4 /* RBObject.h */ = {isa = PBXFileReference; fileEncoding = 4; lastKnownFileType = sourcecode.c.h; name = RBObject.h; path = rubycocoa/framework/src/objc/RBObject.h; sourceTree = "<group>"; };
		8D54FD1E0F63DDEC009AD3C4 /* RBClassUtils.m */ = {isa = PBXFileReference; fileEncoding = 4; lastKnownFileType = sourcecode.c.objc; name = RBClassUtils.m; path = rubycocoa/framework/src/objc/RBClassUtils.m; sourceTree = "<group>"; };
		8D54FD1F0F63DDEC009AD3C4 /* RBClassUtils.h */ = {isa = PBXFileReference; fileEncoding = 4; lastKnownFileType = sourcecode.c.h; name = RBClassUtils.h; path = rubycocoa/framework/src/objc/RBClassUtils.h; sourceTree = "<group>"; };
		8D54FD200F63DDEC009AD3C4 /* OverrideMixin.m */ = {isa = PBXFileReference; fileEncoding = 4; lastKnownFileType = sourcecode.c.objc; name = OverrideMixin.m; path = rubycocoa/framework/src/objc/OverrideMixin.m; sourceTree = "<group>"; };
		8D54FD210F63DDEC009AD3C4 /* OverrideMixin.h */ = {isa = PBXFileReference; fileEncoding = 4; lastKnownFileType = sourcecode.c.h; name = OverrideMixin.h; path = rubycocoa/framework/src/objc/OverrideMixin.h; sourceTree = "<group>"; };
		8D54FD220F63DDEC009AD3C4 /* ocexception.m */ = {isa = PBXFileReference; fileEncoding = 4; lastKnownFileType = sourcecode.c.objc; name = ocexception.m; path = rubycocoa/framework/src/objc/ocexception.m; sourceTree = "<group>"; };
		8D54FD230F63DDEC009AD3C4 /* ocexception.h */ = {isa = PBXFileReference; fileEncoding = 4; lastKnownFileType = sourcecode.c.h; name = ocexception.h; path = rubycocoa/framework/src/objc/ocexception.h; sourceTree = "<group>"; };
		8D54FD240F63DDEC009AD3C4 /* ocdata_conv.m */ = {isa = PBXFileReference; fileEncoding = 4; lastKnownFileType = sourcecode.c.objc; name = ocdata_conv.m; path = rubycocoa/framework/src/objc/ocdata_conv.m; sourceTree = "<group>"; };
		8D54FD250F63DDEC009AD3C4 /* ocdata_conv.h */ = {isa = PBXFileReference; fileEncoding = 4; lastKnownFileType = sourcecode.c.h; name = ocdata_conv.h; path = rubycocoa/framework/src/objc/ocdata_conv.h; sourceTree = "<group>"; };
		8D54FD260F63DDEC009AD3C4 /* objc_compat.h */ = {isa = PBXFileReference; fileEncoding = 4; lastKnownFileType = sourcecode.c.h; name = objc_compat.h; path = rubycocoa/framework/src/objc/objc_compat.h; sourceTree = "<group>"; };
		8D54FD270F63DDEC009AD3C4 /* mdl_osxobjc.m */ = {isa = PBXFileReference; fileEncoding = 4; lastKnownFileType = sourcecode.c.objc; name = mdl_osxobjc.m; path = rubycocoa/framework/src/objc/mdl_osxobjc.m; sourceTree = "<group>"; };
		8D54FD280F63DDEC009AD3C4 /* cls_objcptr.h */ = {isa = PBXFileReference; fileEncoding = 4; lastKnownFileType = sourcecode.c.h; name = cls_objcptr.h; path = rubycocoa/framework/src/objc/cls_objcptr.h; sourceTree = "<group>"; };
		8D54FD290F63DDEC009AD3C4 /* cls_objcid.m */ = {isa = PBXFileReference; fileEncoding = 4; lastKnownFileType = sourcecode.c.objc; name = cls_objcid.m; path = rubycocoa/framework/src/objc/cls_objcid.m; sourceTree = "<group>"; };
		8D54FD2A0F63DDEC009AD3C4 /* cls_objcid.h */ = {isa = PBXFileReference; fileEncoding = 4; lastKnownFileType = sourcecode.c.h; name = cls_objcid.h; path = rubycocoa/framework/src/objc/cls_objcid.h; sourceTree = "<group>"; };
		8D54FD2B0F63DDEC009AD3C4 /* mdl_osxobjc.h */ = {isa = PBXFileReference; fileEncoding = 4; lastKnownFileType = sourcecode.c.h; name = mdl_osxobjc.h; path = rubycocoa/framework/src/objc/mdl_osxobjc.h; sourceTree = "<group>"; };
		8D54FD2C0F63DDEC009AD3C4 /* mdl_objwrapper.m */ = {isa = PBXFileReference; fileEncoding = 4; lastKnownFileType = sourcecode.c.objc; name = mdl_objwrapper.m; path = rubycocoa/framework/src/objc/mdl_objwrapper.m; sourceTree = "<group>"; };
		8D54FD2D0F63DDEC009AD3C4 /* mdl_objwrapper.h */ = {isa = PBXFileReference; fileEncoding = 4; lastKnownFileType = sourcecode.c.h; name = mdl_objwrapper.h; path = rubycocoa/framework/src/objc/mdl_objwrapper.h; sourceTree = "<group>"; };
		8D54FD2E0F63DDEC009AD3C4 /* mdl_bundle_support.m */ = {isa = PBXFileReference; fileEncoding = 4; lastKnownFileType = sourcecode.c.objc; name = mdl_bundle_support.m; path = rubycocoa/framework/src/objc/mdl_bundle_support.m; sourceTree = "<group>"; };
		8D54FD2F0F63DDEC009AD3C4 /* mdl_bundle_support.h */ = {isa = PBXFileReference; fileEncoding = 4; lastKnownFileType = sourcecode.c.h; name = mdl_bundle_support.h; path = rubycocoa/framework/src/objc/mdl_bundle_support.h; sourceTree = "<group>"; };
		8D54FD300F63DDEC009AD3C4 /* libffi.m */ = {isa = PBXFileReference; fileEncoding = 4; lastKnownFileType = sourcecode.c.objc; name = libffi.m; path = rubycocoa/framework/src/objc/libffi.m; sourceTree = "<group>"; };
		8D54FD310F63DDEC009AD3C4 /* libffi.h */ = {isa = PBXFileReference; fileEncoding = 4; lastKnownFileType = sourcecode.c.h; name = libffi.h; path = rubycocoa/framework/src/objc/libffi.h; sourceTree = "<group>"; };
		8D54FD320F63DDEC009AD3C4 /* internal_macros.h */ = {isa = PBXFileReference; fileEncoding = 4; lastKnownFileType = sourcecode.c.h; name = internal_macros.h; path = rubycocoa/framework/src/objc/internal_macros.h; sourceTree = "<group>"; };
		8D54FD330F63DDEC009AD3C4 /* cls_objcptr.m */ = {isa = PBXFileReference; fileEncoding = 4; lastKnownFileType = sourcecode.c.objc; name = cls_objcptr.m; path = rubycocoa/framework/src/objc/cls_objcptr.m; sourceTree = "<group>"; };
		8D54FD340F63DDEC009AD3C4 /* BridgeSupportLexer.h */ = {isa = PBXFileReference; fileEncoding = 4; lastKnownFileType = sourcecode.c.h; name = BridgeSupportLexer.h; path = rubycocoa/framework/src/objc/BridgeSupportLexer.h; sourceTree = "<group>"; };
		8D54FD350F63DDEC009AD3C4 /* BridgeSupport.m */ = {isa = PBXFileReference; fileEncoding = 4; lastKnownFileType = sourcecode.c.objc; name = BridgeSupport.m; path = rubycocoa/framework/src/objc/BridgeSupport.m; sourceTree = "<group>"; };
		8D54FD360F63DDEC009AD3C4 /* BridgeSupport.h */ = {isa = PBXFileReference; fileEncoding = 4; lastKnownFileType = sourcecode.c.h; name = BridgeSupport.h; path = rubycocoa/framework/src/objc/BridgeSupport.h; sourceTree = "<group>"; };
		8D54FD4C0F63DF57009AD3C4 /* osx_ruby.h */ = {isa = PBXFileReference; fileEncoding = 4; lastKnownFileType = sourcecode.c.h; name = osx_ruby.h; path = rubycocoa/framework/src/objc/osx_ruby.h; sourceTree = "<group>"; };
		8D54FD4D0F63DF57009AD3C4 /* osx_intern.h */ = {isa = PBXFileReference; fileEncoding = 4; lastKnownFileType = sourcecode.c.h; name = osx_intern.h; path = rubycocoa/framework/src/objc/osx_intern.h; sourceTree = "<group>"; };
		8D54FD890F63E1E3009AD3C4 /* ffi_common.h */ = {isa = PBXFileReference; fileEncoding = 4; lastKnownFileType = sourcecode.c.h; name = ffi_common.h; path = nu/iphone/include/ffi_common.h; sourceTree = "<group>"; };
		8D54FD8A0F63E1E3009AD3C4 /* fficonfig.h */ = {isa = PBXFileReference; fileEncoding = 4; lastKnownFileType = sourcecode.c.h; name = fficonfig.h; path = nu/iphone/include/fficonfig.h; sourceTree = "<group>"; };
		8D54FD8D0F63E1E3009AD3C4 /* ffi.h */ = {isa = PBXFileReference; fileEncoding = 4; lastKnownFileType = sourcecode.c.h; name = ffi.h; path = nu/iphone/include/ffi.h; sourceTree = "<group>"; };
		8D54FD8E0F63E1E3009AD3C4 /* ffitarget.h */ = {isa = PBXFileReference; fileEncoding = 4; lastKnownFileType = sourcecode.c.h; name = ffitarget.h; path = nu/iphone/include/ffitarget.h; sourceTree = "<group>"; };
		8D6942A20F63F449007B2F46 /* sysv.o */ = {isa = PBXFileReference; lastKnownFileType = "compiled.mach-o.objfile"; name = sysv.o; path = nu/iphone/platforms/iPhoneOS/libffi/sysv.o; sourceTree = "<group>"; };
		8D6942A30F63F449007B2F46 /* types.o */ = {isa = PBXFileReference; lastKnownFileType = "compiled.mach-o.objfile"; name = types.o; path = nu/iphone/platforms/iPhoneOS/libffi/types.o; sourceTree = "<group>"; };
		8D6942A40F63F449007B2F46 /* raw_api.o */ = {isa = PBXFileReference; lastKnownFileType = "compiled.mach-o.objfile"; name = raw_api.o; path = nu/iphone/platforms/iPhoneOS/libffi/raw_api.o; sourceTree = "<group>"; };
		8D6942A50F63F449007B2F46 /* prep_cif.o */ = {isa = PBXFileReference; lastKnownFileType = "compiled.mach-o.objfile"; name = prep_cif.o; path = nu/iphone/platforms/iPhoneOS/libffi/prep_cif.o; sourceTree = "<group>"; };
		8D6942A60F63F449007B2F46 /* java_raw_api.o */ = {isa = PBXFileReference; lastKnownFileType = "compiled.mach-o.objfile"; name = java_raw_api.o; path = nu/iphone/platforms/iPhoneOS/libffi/java_raw_api.o; sourceTree = "<group>"; };
		8D6942A70F63F449007B2F46 /* ffi.o */ = {isa = PBXFileReference; lastKnownFileType = "compiled.mach-o.objfile"; name = ffi.o; path = nu/iphone/platforms/iPhoneOS/libffi/ffi.o; sourceTree = "<group>"; };
		8D6942A80F63F449007B2F46 /* debug.o */ = {isa = PBXFileReference; lastKnownFileType = "compiled.mach-o.objfile"; name = debug.o; path = nu/iphone/platforms/iPhoneOS/libffi/debug.o; sourceTree = "<group>"; };
		8D6942B10F63F475007B2F46 /* libxml2.2.dylib */ = {isa = PBXFileReference; lastKnownFileType = "compiled.mach-o.dylib"; name = libxml2.2.dylib; path = usr/lib/libxml2.2.dylib; sourceTree = SDKROOT; };
		8D6942B60F63F613007B2F46 /* Version.h */ = {isa = PBXFileReference; fileEncoding = 4; lastKnownFileType = sourcecode.c.h; name = Version.h; path = rubycocoa/framework/src/objc/Version.h; sourceTree = "<group>"; };
		8D93B3BA0F5AC31800C653F0 /* remote_irb.rb */ = {isa = PBXFileReference; fileEncoding = 4; lastKnownFileType = text.script.ruby; path = remote_irb.rb; sourceTree = "<group>"; };
		8DE53CEC0F559EB300A77153 /* extinit.c */ = {isa = PBXFileReference; fileEncoding = 4; lastKnownFileType = sourcecode.c.c; name = extinit.c; path = ruby/extinit.c; sourceTree = "<group>"; };
		8DE53D0D0F55A7C000A77153 /* libruby-static-full.a */ = {isa = PBXFileReference; lastKnownFileType = archive.ar; name = "libruby-static-full.a"; path = "ruby/libruby-static-full.a"; sourceTree = "<group>"; };
		F1584F380F5EDE6E009A700F /* lib */ = {isa = PBXFileReference; lastKnownFileType = folder; name = lib; path = ruby/lib; sourceTree = SOURCE_ROOT; };
		F15851E00F5EDF13009A700F /* iconv.c */ = {isa = PBXFileReference; fileEncoding = 4; lastKnownFileType = sourcecode.c.c; path = iconv.c; sourceTree = "<group>"; };
		F15851EB0F5EDF7E009A700F /* st.h */ = {isa = PBXFileReference; fileEncoding = 4; lastKnownFileType = sourcecode.c.h; path = st.h; sourceTree = "<group>"; };
		F158522A0F5EDFE5009A700F /* libiconv.2.dylib */ = {isa = PBXFileReference; lastKnownFileType = "compiled.mach-o.dylib"; name = libiconv.2.dylib; path = usr/lib/libiconv.2.dylib; sourceTree = SDKROOT; };
		F158523C0F5EE261009A700F /* webdav.rb */ = {isa = PBXFileReference; fileEncoding = 4; lastKnownFileType = text.script.ruby; path = webdav.rb; sourceTree = "<group>"; };
		F1CE7A550F4B1BF7006BAA18 /* config.h */ = {isa = PBXFileReference; fileEncoding = 4; lastKnownFileType = sourcecode.c.h; path = config.h; sourceTree = "<group>"; };
		F1CE7A560F4B1BF7006BAA18 /* defines.h */ = {isa = PBXFileReference; fileEncoding = 4; lastKnownFileType = sourcecode.c.h; path = defines.h; sourceTree = "<group>"; };
		F1CE7A570F4B1BF7006BAA18 /* intern.h */ = {isa = PBXFileReference; fileEncoding = 4; lastKnownFileType = sourcecode.c.h; path = intern.h; sourceTree = "<group>"; };
		F1CE7A580F4B1BF7006BAA18 /* missing.h */ = {isa = PBXFileReference; fileEncoding = 4; lastKnownFileType = sourcecode.c.h; path = missing.h; sourceTree = "<group>"; };
		F1CE7A590F4B1BF7006BAA18 /* ruby.h */ = {isa = PBXFileReference; fileEncoding = 4; lastKnownFileType = sourcecode.c.h; path = ruby.h; sourceTree = "<group>"; };
		F1CE7A5A0F4B1BF7006BAA18 /* rubysig.h */ = {isa = PBXFileReference; fileEncoding = 4; lastKnownFileType = sourcecode.c.h; path = rubysig.h; sourceTree = "<group>"; };
		F1CE7B500F4B2CB2006BAA18 /* main.rb */ = {isa = PBXFileReference; fileEncoding = 4; lastKnownFileType = text.script.ruby; path = main.rb; sourceTree = "<group>"; };
/* End PBXFileReference section */

/* Begin PBXFrameworksBuildPhase section */
		1D60588F0D05DD3D006BFB54 /* Frameworks */ = {
			isa = PBXFrameworksBuildPhase;
			buildActionMask = 2147483647;
			files = (
				1D60589F0D05DD5A006BFB54 /* Foundation.framework in Frameworks */,
				1DF5F4E00D08C38300B7A737 /* UIKit.framework in Frameworks */,
				288765FD0DF74451002DB57D /* CoreGraphics.framework in Frameworks */,
				8DE53D0E0F55A7C000A77153 /* libruby-static-full.a in Frameworks */,
				F158522B0F5EDFE5009A700F /* libiconv.2.dylib in Frameworks */,
				8D6942A90F63F449007B2F46 /* sysv.o in Frameworks */,
				8D6942AA0F63F449007B2F46 /* types.o in Frameworks */,
				8D6942AB0F63F449007B2F46 /* raw_api.o in Frameworks */,
				8D6942AC0F63F449007B2F46 /* prep_cif.o in Frameworks */,
				8D6942AD0F63F449007B2F46 /* java_raw_api.o in Frameworks */,
				8D6942AE0F63F449007B2F46 /* ffi.o in Frameworks */,
				8D6942AF0F63F449007B2F46 /* debug.o in Frameworks */,
				8D6942B20F63F475007B2F46 /* libxml2.2.dylib in Frameworks */,
			);
			runOnlyForDeploymentPostprocessing = 0;
		};
/* End PBXFrameworksBuildPhase section */

/* Begin PBXGroup section */
		19C28FACFE9D520D11CA2CBB /* Products */ = {
			isa = PBXGroup;
			children = (
				1D6058910D05DD3D006BFB54 /* rubycocoa4iphone.app */,
			);
			name = Products;
			sourceTree = "<group>";
		};
		29B97314FDCFA39411CA2CEA /* CustomTemplate */ = {
			isa = PBXGroup;
			children = (
				F1CE7A520F4B1BE5006BAA18 /* ruby */,
				F1CE7A530F4B1BEB006BAA18 /* rubycocoa */,
				29B97315FDCFA39411CA2CEA /* Other Sources */,
				29B97317FDCFA39411CA2CEA /* Resources */,
				29B97323FDCFA39411CA2CEA /* Frameworks */,
				19C28FACFE9D520D11CA2CBB /* Products */,
			);
			name = CustomTemplate;
			sourceTree = "<group>";
		};
		29B97315FDCFA39411CA2CEA /* Other Sources */ = {
			isa = PBXGroup;
			children = (
				32CA4F630368D1EE00C91783 /* rubycocoa4iphone_Prefix.pch */,
				29B97316FDCFA39411CA2CEA /* main.m */,
			);
			name = "Other Sources";
			sourceTree = "<group>";
		};
		29B97317FDCFA39411CA2CEA /* Resources */ = {
			isa = PBXGroup;
			children = (
				F1CE7B500F4B2CB2006BAA18 /* main.rb */,
				F1584BC40F5ED870009A700F /* Ruby */,
				8D93B3B80F5AC31800C653F0 /* utils */,
				8D1107310486CEB800E47090 /* Info.plist */,
			);
			name = Resources;
			sourceTree = "<group>";
		};
		29B97323FDCFA39411CA2CEA /* Frameworks */ = {
			isa = PBXGroup;
			children = (
				1DF5F4DF0D08C38300B7A737 /* UIKit.framework */,
				1D30AB110D05D00D00671497 /* Foundation.framework */,
				288765FC0DF74451002DB57D /* CoreGraphics.framework */,
			);
			name = Frameworks;
			sourceTree = "<group>";
		};
		8D54FD550F63E068009AD3C4 /* libffi */ = {
			isa = PBXGroup;
			children = (
				8D6942A00F63F423007B2F46 /* objects */,
				8D54FD890F63E1E3009AD3C4 /* ffi_common.h */,
				8D54FD8A0F63E1E3009AD3C4 /* fficonfig.h */,
				8D54FD8D0F63E1E3009AD3C4 /* ffi.h */,
				8D54FD8E0F63E1E3009AD3C4 /* ffitarget.h */,
			);
			name = libffi;
			sourceTree = "<group>";
		};
		8D6942A00F63F423007B2F46 /* objects */ = {
			isa = PBXGroup;
			children = (
				8D6942A20F63F449007B2F46 /* sysv.o */,
				8D6942A30F63F449007B2F46 /* types.o */,
				8D6942A40F63F449007B2F46 /* raw_api.o */,
				8D6942A50F63F449007B2F46 /* prep_cif.o */,
				8D6942A60F63F449007B2F46 /* java_raw_api.o */,
				8D6942A70F63F449007B2F46 /* ffi.o */,
				8D6942A80F63F449007B2F46 /* debug.o */,
			);
			name = objects;
			sourceTree = "<group>";
		};
		8D93B3B80F5AC31800C653F0 /* utils */ = {
			isa = PBXGroup;
			children = (
				F158523C0F5EE261009A700F /* webdav.rb */,
				8D93B3BA0F5AC31800C653F0 /* remote_irb.rb */,
			);
			path = utils;
			sourceTree = "<group>";
		};
		F1584BC40F5ED870009A700F /* Ruby */ = {
			isa = PBXGroup;
			children = (
				F1584F380F5EDE6E009A700F /* lib */,
			);
			name = Ruby;
			sourceTree = "<group>";
		};
		F15851DA0F5EDF12009A700F /* ext */ = {
			isa = PBXGroup;
			children = (
				F15851DB0F5EDF12009A700F /* iconv */,
			);
			name = ext;
			path = ruby/ext;
			sourceTree = "<group>";
		};
		F15851DB0F5EDF12009A700F /* iconv */ = {
			isa = PBXGroup;
			children = (
				F158522A0F5EDFE5009A700F /* libiconv.2.dylib */,
				F15851E00F5EDF13009A700F /* iconv.c */,
			);
			path = iconv;
			sourceTree = "<group>";
		};
		F1CE7A520F4B1BE5006BAA18 /* ruby */ = {
			isa = PBXGroup;
			children = (
				F15851DA0F5EDF12009A700F /* ext */,
				8DE53D0D0F55A7C000A77153 /* libruby-static-full.a */,
				8DE53CEC0F559EB300A77153 /* extinit.c */,
				F1CE7A540F4B1BF7006BAA18 /* include */,
			);
			name = ruby;
			sourceTree = "<group>";
		};
		F1CE7A530F4B1BEB006BAA18 /* rubycocoa */ = {
			isa = PBXGroup;
			children = (
				8D6942B10F63F475007B2F46 /* libxml2.2.dylib */,
				8D54FD550F63E068009AD3C4 /* libffi */,
				8D54FD4C0F63DF57009AD3C4 /* osx_ruby.h */,
				8D54FD4D0F63DF57009AD3C4 /* osx_intern.h */,
				8D54FD130F63DDEC009AD3C4 /* RubyCocoa.m */,
				8D54FD140F63DDEC009AD3C4 /* RubyCocoa.h */,
				8D54FD150F63DDEC009AD3C4 /* RBThreadSwitcher.m */,
				8D54FD160F63DDEC009AD3C4 /* RBThreadSwitcher.h */,
				8D54FD170F63DDEC009AD3C4 /* RBTestProbe.m */,
				8D54FD180F63DDEC009AD3C4 /* RBSlaveObject.m */,
				8D54FD190F63DDEC009AD3C4 /* RBSlaveObject.h */,
				8D54FD1A0F63DDEC009AD3C4 /* RBRuntime.m */,
				8D54FD1B0F63DDEC009AD3C4 /* RBRuntime.h */,
				8D54FD1C0F63DDEC009AD3C4 /* RBObject.m */,
				8D54FD1D0F63DDEC009AD3C4 /* RBObject.h */,
				8D54FD1E0F63DDEC009AD3C4 /* RBClassUtils.m */,
				8D54FD1F0F63DDEC009AD3C4 /* RBClassUtils.h */,
				8D54FD200F63DDEC009AD3C4 /* OverrideMixin.m */,
				8D54FD210F63DDEC009AD3C4 /* OverrideMixin.h */,
				8D54FD220F63DDEC009AD3C4 /* ocexception.m */,
				8D54FD230F63DDEC009AD3C4 /* ocexception.h */,
				8D54FD240F63DDEC009AD3C4 /* ocdata_conv.m */,
				8D54FD250F63DDEC009AD3C4 /* ocdata_conv.h */,
				8D54FD260F63DDEC009AD3C4 /* objc_compat.h */,
				8D54FD270F63DDEC009AD3C4 /* mdl_osxobjc.m */,
				8D54FD280F63DDEC009AD3C4 /* cls_objcptr.h */,
				8D54FD290F63DDEC009AD3C4 /* cls_objcid.m */,
				8D54FD2A0F63DDEC009AD3C4 /* cls_objcid.h */,
				8D54FD2B0F63DDEC009AD3C4 /* mdl_osxobjc.h */,
				8D54FD2C0F63DDEC009AD3C4 /* mdl_objwrapper.m */,
				8D54FD2D0F63DDEC009AD3C4 /* mdl_objwrapper.h */,
				8D54FD2E0F63DDEC009AD3C4 /* mdl_bundle_support.m */,
				8D54FD2F0F63DDEC009AD3C4 /* mdl_bundle_support.h */,
				8D54FD300F63DDEC009AD3C4 /* libffi.m */,
				8D54FD310F63DDEC009AD3C4 /* libffi.h */,
				8D54FD320F63DDEC009AD3C4 /* internal_macros.h */,
				8D54FD330F63DDEC009AD3C4 /* cls_objcptr.m */,
				8D54FD340F63DDEC009AD3C4 /* BridgeSupportLexer.h */,
				8D54FD350F63DDEC009AD3C4 /* BridgeSupport.m */,
				8D54FD360F63DDEC009AD3C4 /* BridgeSupport.h */,
				8D6942B60F63F613007B2F46 /* Version.h */,
			);
			name = rubycocoa;
			sourceTree = "<group>";
		};
		F1CE7A540F4B1BF7006BAA18 /* include */ = {
			isa = PBXGroup;
			children = (
				F15851EB0F5EDF7E009A700F /* st.h */,
				F1CE7A550F4B1BF7006BAA18 /* config.h */,
				F1CE7A560F4B1BF7006BAA18 /* defines.h */,
				F1CE7A570F4B1BF7006BAA18 /* intern.h */,
				F1CE7A580F4B1BF7006BAA18 /* missing.h */,
				F1CE7A590F4B1BF7006BAA18 /* ruby.h */,
				F1CE7A5A0F4B1BF7006BAA18 /* rubysig.h */,
			);
			name = include;
			path = ruby/include;
			sourceTree = "<group>";
		};
/* End PBXGroup section */

/* Begin PBXNativeTarget section */
		1D6058900D05DD3D006BFB54 /* rubycocoa4iphone */ = {
			isa = PBXNativeTarget;
			buildConfigurationList = 1D6058960D05DD3E006BFB54 /* Build configuration list for PBXNativeTarget "rubycocoa4iphone" */;
			buildPhases = (
				1D60588D0D05DD3D006BFB54 /* Resources */,
				1D60588E0D05DD3D006BFB54 /* Sources */,
				1D60588F0D05DD3D006BFB54 /* Frameworks */,
			);
			buildRules = (
			);
			dependencies = (
			);
			name = rubycocoa4iphone;
			productName = rubycocoa4iphone;
			productReference = 1D6058910D05DD3D006BFB54 /* rubycocoa4iphone.app */;
			productType = "com.apple.product-type.application";
		};
/* End PBXNativeTarget section */

/* Begin PBXProject section */
		29B97313FDCFA39411CA2CEA /* Project object */ = {
			isa = PBXProject;
			buildConfigurationList = C01FCF4E08A954540054247B /* Build configuration list for PBXProject "rubycocoa4iphone" */;
			compatibilityVersion = "Xcode 3.1";
			hasScannedForEncodings = 1;
			mainGroup = 29B97314FDCFA39411CA2CEA /* CustomTemplate */;
			projectDirPath = "";
			projectRoot = "";
			targets = (
				1D6058900D05DD3D006BFB54 /* rubycocoa4iphone */,
			);
		};
/* End PBXProject section */

/* Begin PBXResourcesBuildPhase section */
		1D60588D0D05DD3D006BFB54 /* Resources */ = {
			isa = PBXResourcesBuildPhase;
			buildActionMask = 2147483647;
			files = (
				F1CE7B510F4B2CB2006BAA18 /* main.rb in Resources */,
				8D93B3BD0F5AC31800C653F0 /* remote_irb.rb in Resources */,
				F15851D00F5EDE6F009A700F /* lib in Resources */,
				F158523D0F5EE261009A700F /* webdav.rb in Resources */,
			);
			runOnlyForDeploymentPostprocessing = 0;
		};
/* End PBXResourcesBuildPhase section */

/* Begin PBXSourcesBuildPhase section */
		1D60588E0D05DD3D006BFB54 /* Sources */ = {
			isa = PBXSourcesBuildPhase;
			buildActionMask = 2147483647;
			files = (
				1D60589B0D05DD56006BFB54 /* main.m in Sources */,
				8DE53CED0F559EB300A77153 /* extinit.c in Sources */,
				F15851E70F5EDF13009A700F /* iconv.c in Sources */,
				8D54FD370F63DDEC009AD3C4 /* RubyCocoa.m in Sources */,
				8D54FD380F63DDEC009AD3C4 /* RBThreadSwitcher.m in Sources */,
				8D54FD390F63DDEC009AD3C4 /* RBTestProbe.m in Sources */,
				8D54FD3A0F63DDEC009AD3C4 /* RBSlaveObject.m in Sources */,
				8D54FD3B0F63DDEC009AD3C4 /* RBRuntime.m in Sources */,
				8D54FD3C0F63DDEC009AD3C4 /* RBObject.m in Sources */,
				8D54FD3D0F63DDEC009AD3C4 /* RBClassUtils.m in Sources */,
				8D54FD3E0F63DDEC009AD3C4 /* OverrideMixin.m in Sources */,
				8D54FD3F0F63DDEC009AD3C4 /* ocexception.m in Sources */,
				8D54FD400F63DDEC009AD3C4 /* ocdata_conv.m in Sources */,
				8D54FD410F63DDEC009AD3C4 /* mdl_osxobjc.m in Sources */,
				8D54FD420F63DDEC009AD3C4 /* cls_objcid.m in Sources */,
				8D54FD430F63DDEC009AD3C4 /* mdl_objwrapper.m in Sources */,
				8D54FD440F63DDEC009AD3C4 /* mdl_bundle_support.m in Sources */,
				8D54FD450F63DDEC009AD3C4 /* libffi.m in Sources */,
				8D54FD460F63DDEC009AD3C4 /* cls_objcptr.m in Sources */,
				8D54FD470F63DDEC009AD3C4 /* BridgeSupport.m in Sources */,
			);
			runOnlyForDeploymentPostprocessing = 0;
		};
/* End PBXSourcesBuildPhase section */

/* Begin XCBuildConfiguration section */
		1D6058940D05DD3E006BFB54 /* Debug */ = {
			isa = XCBuildConfiguration;
			buildSettings = {
				ALWAYS_SEARCH_USER_PATHS = NO;
				COPY_PHASE_STRIP = NO;
				GCC_DYNAMIC_NO_PIC = NO;
				GCC_OPTIMIZATION_LEVEL = 0;
				GCC_PRECOMPILE_PREFIX_HEADER = YES;
				GCC_PREFIX_HEADER = rubycocoa4iphone_Prefix.pch;
				INFOPLIST_FILE = Info.plist;
				LIBRARY_SEARCH_PATHS = (
					"$(inherited)",
					"\"$(SRCROOT)/ruby\"",
					"\"$(SRCROOT)/ruby/ext/bigdecimal\"",
					"\"$(SRCROOT)/ruby/ext/dbm\"",
					"\"$(SRCROOT)/ruby/ext/digest/bubblebabble\"",
					"\"$(SRCROOT)/ruby/ext/digest\"",
					"\"$(SRCROOT)/ruby/ext/digest/md5\"",
					"\"$(SRCROOT)/ruby/ext/digest/rmd160\"",
					"\"$(SRCROOT)/ruby/ext/digest/sha1\"",
					"\"$(SRCROOT)/ruby/ext/digest/sha2\"",
					"\"$(SRCROOT)/ruby/ext/etc\"",
					"\"$(SRCROOT)/ruby/ext/fcntl\"",
					"\"$(SRCROOT)/ruby/ext/io/wait\"",
					"\"$(SRCROOT)/ruby/ext/nkf\"",
					"\"$(SRCROOT)/ruby/ext/racc/cparse\"",
					"\"$(SRCROOT)/ruby/ext/sdbm\"",
					"\"$(SRCROOT)/ruby/ext/socket\"",
					"\"$(SRCROOT)/ruby/ext/stringio\"",
					"\"$(SRCROOT)/ruby/ext/strscan\"",
					"\"$(SRCROOT)/ruby/ext/syck\"",
					"\"$(SRCROOT)/ruby/ext/thread\"",
				);
				PRODUCT_NAME = rubycocoa4iphone;
			};
			name = Debug;
		};
		1D6058950D05DD3E006BFB54 /* Release */ = {
			isa = XCBuildConfiguration;
			buildSettings = {
				ALWAYS_SEARCH_USER_PATHS = NO;
				COPY_PHASE_STRIP = YES;
				GCC_PRECOMPILE_PREFIX_HEADER = YES;
				GCC_PREFIX_HEADER = rubycocoa4iphone_Prefix.pch;
				INFOPLIST_FILE = Info.plist;
				LIBRARY_SEARCH_PATHS = (
					"$(inherited)",
					"\"$(SRCROOT)/ruby\"",
					"\"$(SRCROOT)/ruby/ext/bigdecimal\"",
					"\"$(SRCROOT)/ruby/ext/dbm\"",
					"\"$(SRCROOT)/ruby/ext/digest/bubblebabble\"",
					"\"$(SRCROOT)/ruby/ext/digest\"",
					"\"$(SRCROOT)/ruby/ext/digest/md5\"",
					"\"$(SRCROOT)/ruby/ext/digest/rmd160\"",
					"\"$(SRCROOT)/ruby/ext/digest/sha1\"",
					"\"$(SRCROOT)/ruby/ext/digest/sha2\"",
					"\"$(SRCROOT)/ruby/ext/etc\"",
					"\"$(SRCROOT)/ruby/ext/fcntl\"",
					"\"$(SRCROOT)/ruby/ext/io/wait\"",
					"\"$(SRCROOT)/ruby/ext/nkf\"",
					"\"$(SRCROOT)/ruby/ext/racc/cparse\"",
					"\"$(SRCROOT)/ruby/ext/sdbm\"",
					"\"$(SRCROOT)/ruby/ext/socket\"",
					"\"$(SRCROOT)/ruby/ext/stringio\"",
					"\"$(SRCROOT)/ruby/ext/strscan\"",
					"\"$(SRCROOT)/ruby/ext/syck\"",
					"\"$(SRCROOT)/ruby/ext/thread\"",
				);
				PRODUCT_NAME = rubycocoa4iphone;
			};
			name = Release;
		};
		C01FCF4F08A954540054247B /* Debug */ = {
			isa = XCBuildConfiguration;
			buildSettings = {
				ARCHS = "$(ARCHS_STANDARD_32_BIT)";
				"CODE_SIGN_IDENTITY[sdk=iphoneos*]" = "iPhone Developer";
				GCC_C_LANGUAGE_STANDARD = c99;
				GCC_WARN_ABOUT_RETURN_TYPE = YES;
				GCC_WARN_UNUSED_VARIABLE = YES;
				ONLY_ACTIVE_ARCH = YES;
				PREBINDING = NO;
				SDKROOT = iphoneos2.2.1;
			};
			name = Debug;
		};
		C01FCF5008A954540054247B /* Release */ = {
			isa = XCBuildConfiguration;
			buildSettings = {
				ARCHS = "$(ARCHS_STANDARD_32_BIT)";
				"CODE_SIGN_IDENTITY[sdk=iphoneos*]" = "iPhone Developer";
				GCC_C_LANGUAGE_STANDARD = c99;
				GCC_WARN_ABOUT_RETURN_TYPE = YES;
				GCC_WARN_UNUSED_VARIABLE = YES;
				HEADER_SEARCH_PATHS = /Developer/Platforms/iPhoneOS.platform/Developer/SDKs/iPhoneOS2.0.sdk/usr/include/libxml2;
				PREBINDING = NO;
				SDKROOT = iphoneos2.2.1;
			};
			name = Release;
		};
/* End XCBuildConfiguration section */

/* Begin XCConfigurationList section */
		1D6058960D05DD3E006BFB54 /* Build configuration list for PBXNativeTarget "rubycocoa4iphone" */ = {
			isa = XCConfigurationList;
			buildConfigurations = (
				1D6058940D05DD3E006BFB54 /* Debug */,
				1D6058950D05DD3E006BFB54 /* Release */,
			);
			defaultConfigurationIsVisible = 0;
			defaultConfigurationName = Release;
		};
		C01FCF4E08A954540054247B /* Build configuration list for PBXProject "rubycocoa4iphone" */ = {
			isa = XCConfigurationList;
			buildConfigurations = (
				C01FCF4F08A954540054247B /* Debug */,
				C01FCF5008A954540054247B /* Release */,
			);
			defaultConfigurationIsVisible = 0;
			defaultConfigurationName = Release;
		};
/* End XCConfigurationList section */
	};
	rootObject = 29B97313FDCFA39411CA2CEA /* Project object */;
}
